
Microsoft Visual Studio Solution File, Format Version 12.00
# Visual Studio 15
VisualStudioVersion = 15.0.26430.16
MinimumVisualStudioVersion = 10.0.40219.1
Project("{FAE04EC0-301F-11D3-BF4B-00C04F79EFBC}") = "FrogsAndToadsCore", "FrogsAndToadsCore\FrogsAndToadsCore.csproj", "{380B045B-8D21-4854-8D89-40DDAA6341BB}"
EndProject
Project("{FAE04EC0-301F-11D3-BF4B-00C04F79EFBC}") = "ConsoleUI", "ConsoleUI\ConsoleUI.csproj", "{B2626D25-2F48-426D-81B4-34C3D46B97D9}"
EndProject
Project("{FAE04EC0-301F-11D3-BF4B-00C04F79EFBC}") = "GameCore", "GameCore\GameCore.csproj", "{D1A878CE-4F82-4B04-854F-59D2DD22C81A}"
EndProject
Project("{FAE04EC0-301F-11D3-BF4B-00C04F79EFBC}") = "MonadTests", "MonadTests\MonadTests.csproj", "{1A75B667-277D-4058-B3F7-B653EC5B4717}"
EndProject
Project("{FAE04EC0-301F-11D3-BF4B-00C04F79EFBC}") = "Monads", "Monads\Monads.csproj", "{43DE8FEC-5165-4DE0-B3B8-40FC7B70BD03}"
EndProject
Project("{FAE04EC0-301F-11D3-BF4B-00C04F79EFBC}") = "GameValueTests", "GameValueTests\GameValueTests.csproj", "{6641549F-21A0-4E48-BE66-ADDC68915E47}"
EndProject
Project("{FAE04EC0-301F-11D3-BF4B-00C04F79EFBC}") = "CoreTests", "CoreTests\CoreTests.csproj", "{7D1C9BCB-B57F-4AB6-B910-D355BDD04C0F}"
EndProject
Project("{FAE04EC0-301F-11D3-BF4B-00C04F79EFBC}") = "NoughtsAndCrossesCore", "NoughtsAndCrossesCore\NoughtsAndCrossesCore.csproj", "{8ACDB835-730E-4BAB-AB52-A1F3DE93A149}"
EndProject
Global
	GlobalSection(Performance) = preSolution
		HasPerformanceSessions = true
	EndGlobalSection
	GlobalSection(SolutionConfigurationPlatforms) = preSolution
		Debug|Any CPU = Debug|Any CPU
		Release|Any CPU = Release|Any CPU
	EndGlobalSection
	GlobalSection(ProjectConfigurationPlatforms) = postSolution
		{380B045B-8D21-4854-8D89-40DDAA6341BB}.Debug|Any CPU.ActiveCfg = Debug|Any CPU
		{380B045B-8D21-4854-8D89-40DDAA6341BB}.Debug|Any CPU.Build.0 = Debug|Any CPU
		{380B045B-8D21-4854-8D89-40DDAA6341BB}.Release|Any CPU.ActiveCfg = Release|Any CPU
		{380B045B-8D21-4854-8D89-40DDAA6341BB}.Release|Any CPU.Build.0 = Release|Any CPU
		{B2626D25-2F48-426D-81B4-34C3D46B97D9}.Debug|Any CPU.ActiveCfg = Debug|Any CPU
		{B2626D25-2F48-426D-81B4-34C3D46B97D9}.Debug|Any CPU.Build.0 = Debug|Any CPU
		{B2626D25-2F48-426D-81B4-34C3D46B97D9}.Release|Any CPU.ActiveCfg = Release|Any CPU
		{B2626D25-2F48-426D-81B4-34C3D46B97D9}.Release|Any CPU.Build.0 = Release|Any CPU
		{D1A878CE-4F82-4B04-854F-59D2DD22C81A}.Debug|Any CPU.ActiveCfg = Debug|Any CPU
		{D1A878CE-4F82-4B04-854F-59D2DD22C81A}.Debug|Any CPU.Build.0 = Debug|Any CPU
		{D1A878CE-4F82-4B04-854F-59D2DD22C81A}.Release|Any CPU.ActiveCfg = Release|Any CPU
		{D1A878CE-4F82-4B04-854F-59D2DD22C81A}.Release|Any CPU.Build.0 = Release|Any CPU
		{1A75B667-277D-4058-B3F7-B653EC5B4717}.Debug|Any CPU.ActiveCfg = Debug|Any CPU
		{1A75B667-277D-4058-B3F7-B653EC5B4717}.Debug|Any CPU.Build.0 = Debug|Any CPU
		{1A75B667-277D-4058-B3F7-B653EC5B4717}.Release|Any CPU.ActiveCfg = Release|Any CPU
		{1A75B667-277D-4058-B3F7-B653EC5B4717}.Release|Any CPU.Build.0 = Release|Any CPU
		{43DE8FEC-5165-4DE0-B3B8-40FC7B70BD03}.Debug|Any CPU.ActiveCfg = Debug|Any CPU
		{43DE8FEC-5165-4DE0-B3B8-40FC7B70BD03}.Debug|Any CPU.Build.0 = Debug|Any CPU
		{43DE8FEC-5165-4DE0-B3B8-40FC7B70BD03}.Release|Any CPU.ActiveCfg = Release|Any CPU
		{43DE8FEC-5165-4DE0-B3B8-40FC7B70BD03}.Release|Any CPU.Build.0 = Release|Any CPU
		{6641549F-21A0-4E48-BE66-ADDC68915E47}.Debug|Any CPU.ActiveCfg = Debug|Any CPU
		{6641549F-21A0-4E48-BE66-ADDC68915E47}.Debug|Any CPU.Build.0 = Debug|Any CPU
		{6641549F-21A0-4E48-BE66-ADDC68915E47}.Release|Any CPU.ActiveCfg = Release|Any CPU
		{6641549F-21A0-4E48-BE66-ADDC68915E47}.Release|Any CPU.Build.0 = Release|Any CPU
		{7D1C9BCB-B57F-4AB6-B910-D355BDD04C0F}.Debug|Any CPU.ActiveCfg = Debug|Any CPU
		{7D1C9BCB-B57F-4AB6-B910-D355BDD04C0F}.Debug|Any CPU.Build.0 = Debug|Any CPU
		{7D1C9BCB-B57F-4AB6-B910-D355BDD04C0F}.Release|Any CPU.ActiveCfg = Release|Any CPU
		{7D1C9BCB-B57F-4AB6-B910-D355BDD04C0F}.Release|Any CPU.Build.0 = Release|Any CPU
		{8ACDB835-730E-4BAB-AB52-A1F3DE93A149}.Debug|Any CPU.ActiveCfg = Debug|Any CPU
		{8ACDB835-730E-4BAB-AB52-A1F3DE93A149}.Debug|Any CPU.Build.0 = Debug|Any CPU
		{8ACDB835-730E-4BAB-AB52-A1F3DE93A149}.Release|Any CPU.ActiveCfg = Release|Any CPU
		{8ACDB835-730E-4BAB-AB52-A1F3DE93A149}.Release|Any CPU.Build.0 = Release|Any CPU
	EndGlobalSection
	GlobalSection(SolutionProperties) = preSolution
		HideSolutionNode = FALSE
	EndGlobalSection
	GlobalSection(Performance) = preSolution
		HasPerformanceSessions = true
	EndGlobalSection
EndGlobal
